
Microsoft Visual Studio Solution File, Format Version 12.00
# Visual Studio 15
VisualStudioVersion = 15.0.28307.572
MinimumVisualStudioVersion = 10.0.40219.1
Project("{FAE04EC0-301F-11D3-BF4B-00C04F79EFBC}") = "BYOMethodWithReturnKyleJanka", "BYOMethodWithReturnKyleJanka.csproj", "{1F8DC384-EDDC-4C87-BCED-00C87774B4BE}"
EndProject
Global
	GlobalSection(SolutionConfigurationPlatforms) = preSolution
		Debug|Any CPU = Debug|Any CPU
		Release|Any CPU = Release|Any CPU
	EndGlobalSection
	GlobalSection(ProjectConfigurationPlatforms) = postSolution
		{1F8DC384-EDDC-4C87-BCED-00C87774B4BE}.Debug|Any CPU.ActiveCfg = Debug|Any CPU
		{1F8DC384-EDDC-4C87-BCED-00C87774B4BE}.Debug|Any CPU.Build.0 = Debug|Any CPU
		{1F8DC384-EDDC-4C87-BCED-00C87774B4BE}.Release|Any CPU.ActiveCfg = Release|Any CPU
		{1F8DC384-EDDC-4C87-BCED-00C87774B4BE}.Release|Any CPU.Build.0 = Release|Any CPU
	EndGlobalSection
	GlobalSection(SolutionProperties) = preSolution
		HideSolutionNode = FALSE
	EndGlobalSection
	GlobalSection(ExtensibilityGlobals) = postSolution
		SolutionGuid = {84F905F8-2F59-443C-A337-058B26F8FD47}
	EndGlobalSection
EndGlobal
